
Microsoft Visual Studio Solution File, Format Version 12.00
# Visual Studio Version 17
VisualStudioVersion = 17.14.36429.23 d17.14
MinimumVisualStudioVersion = 10.0.40219.1
Project("{FAE04EC0-301F-11D3-BF4B-00C04F79EFBC}") = "TextMovement", "TextMovement\TextMovement.csproj", "{F92A3A1B-3E45-4FDC-BF60-456455DD8157}"
EndProject
Global
	GlobalSection(SolutionConfigurationPlatforms) = preSolution
		Debug|Any CPU = Debug|Any CPU
		Release|Any CPU = Release|Any CPU
	EndGlobalSection
	GlobalSection(ProjectConfigurationPlatforms) = postSolution
		{F92A3A1B-3E45-4FDC-BF60-456455DD8157}.Debug|Any CPU.ActiveCfg = Debug|Any CPU
		{F92A3A1B-3E45-4FDC-BF60-456455DD8157}.Debug|Any CPU.Build.0 = Debug|Any CPU
		{F92A3A1B-3E45-4FDC-BF60-456455DD8157}.Release|Any CPU.ActiveCfg = Release|Any CPU
		{F92A3A1B-3E45-4FDC-BF60-456455DD8157}.Release|Any CPU.Build.0 = Release|Any CPU
	EndGlobalSection
	GlobalSection(SolutionProperties) = preSolution
		HideSolutionNode = FALSE
	EndGlobalSection
	GlobalSection(ExtensibilityGlobals) = postSolution
		SolutionGuid = {3C14E511-296A-4926-92A9-E4B36743E56D}
	EndGlobalSection
EndGlobal
